
Microsoft Visual Studio Solution File, Format Version 12.00
# Visual Studio Version 16
VisualStudioVersion = 16.0.31410.357
MinimumVisualStudioVersion = 10.0.40219.1
Project("{FAE04EC0-301F-11D3-BF4B-00C04F79EFBC}") = "Stack", "Stack\Stack.csproj", "{7635578B-ACBD-45DE-96FB-B34EA9108838}"
EndProject
Global
	GlobalSection(SolutionConfigurationPlatforms) = preSolution
		Debug|Any CPU = Debug|Any CPU
		Release|Any CPU = Release|Any CPU
	EndGlobalSection
	GlobalSection(ProjectConfigurationPlatforms) = postSolution
		{7635578B-ACBD-45DE-96FB-B34EA9108838}.Debug|Any CPU.ActiveCfg = Debug|Any CPU
		{7635578B-ACBD-45DE-96FB-B34EA9108838}.Debug|Any CPU.Build.0 = Debug|Any CPU
		{7635578B-ACBD-45DE-96FB-B34EA9108838}.Release|Any CPU.ActiveCfg = Release|Any CPU
		{7635578B-ACBD-45DE-96FB-B34EA9108838}.Release|Any CPU.Build.0 = Release|Any CPU
	EndGlobalSection
	GlobalSection(SolutionProperties) = preSolution
		HideSolutionNode = FALSE
	EndGlobalSection
	GlobalSection(ExtensibilityGlobals) = postSolution
		SolutionGuid = {CECBC9E9-D68C-45BE-94C9-72C7ECE46E71}
	EndGlobalSection
EndGlobal
